// !$*UTF8*$!
{
	archiveVersion = 1;
	classes = {
	};
	objectVersion = 46;
	objects = {

/* Begin PBXBuildFile section */
		76AD07CF1D5BB78700A9A6AB /* AppDelegate.swift in Sources */ = {isa = PBXBuildFile; fileRef = 76AD07CE1D5BB78700A9A6AB /* AppDelegate.swift */; };
		76AD07D11D5BB78700A9A6AB /* ViewController.swift in Sources */ = {isa = PBXBuildFile; fileRef = 76AD07D01D5BB78700A9A6AB /* ViewController.swift */; };
		76AD07D41D5BB78700A9A6AB /* Main.storyboard in Resources */ = {isa = PBXBuildFile; fileRef = 76AD07D21D5BB78700A9A6AB /* Main.storyboard */; };
		76AD07D71D5BB78700A9A6AB /* MissingPersons.xcdatamodeld in Sources */ = {isa = PBXBuildFile; fileRef = 76AD07D51D5BB78700A9A6AB /* MissingPersons.xcdatamodeld */; };
		76AD07D91D5BB78700A9A6AB /* Assets.xcassets in Resources */ = {isa = PBXBuildFile; fileRef = 76AD07D81D5BB78700A9A6AB /* Assets.xcassets */; };
		76AD07DC1D5BB78700A9A6AB /* LaunchScreen.storyboard in Resources */ = {isa = PBXBuildFile; fileRef = 76AD07DA1D5BB78700A9A6AB /* LaunchScreen.storyboard */; };
/* End PBXBuildFile section */

/* Begin PBXFileReference section */
		76AD07CB1D5BB78700A9A6AB /* MissingPersons.app */ = {isa = PBXFileReference; explicitFileType = wrapper.application; includeInIndex = 0; path = MissingPersons.app; sourceTree = BUILT_PRODUCTS_DIR; };
		76AD07CE1D5BB78700A9A6AB /* AppDelegate.swift */ = {isa = PBXFileReference; lastKnownFileType = sourcecode.swift; path = AppDelegate.swift; sourceTree = "<group>"; };
		76AD07D01D5BB78700A9A6AB /* ViewController.swift */ = {isa = PBXFileReference; lastKnownFileType = sourcecode.swift; path = ViewController.swift; sourceTree = "<group>"; };
		76AD07D31D5BB78700A9A6AB /* Base */ = {isa = PBXFileReference; lastKnownFileType = file.storyboard; name = Base; path = Base.lproj/Main.storyboard; sourceTree = "<group>"; };
		76AD07D61D5BB78700A9A6AB /* MissingPersons.xcdatamodel */ = {isa = PBXFileReference; lastKnownFileType = wrapper.xcdatamodel; path = MissingPersons.xcdatamodel; sourceTree = "<group>"; };
		76AD07D81D5BB78700A9A6AB /* Assets.xcassets */ = {isa = PBXFileReference; lastKnownFileType = folder.assetcatalog; path = Assets.xcassets; sourceTree = "<group>"; };
		76AD07DB1D5BB78700A9A6AB /* Base */ = {isa = PBXFileReference; lastKnownFileType = file.storyboard; name = Base; path = Base.lproj/LaunchScreen.storyboard; sourceTree = "<group>"; };
		76AD07DD1D5BB78700A9A6AB /* Info.plist */ = {isa = PBXFileReference; lastKnownFileType = text.plist.xml; path = Info.plist; sourceTree = "<group>"; };
/* End PBXFileReference section */

/* Begin PBXFrameworksBuildPhase section */
		76AD07C81D5BB78700A9A6AB /* Frameworks */ = {
			isa = PBXFrameworksBuildPhase;
			buildActionMask = 2147483647;
			files = (
			);
			runOnlyForDeploymentPostprocessing = 0;
		};
/* End PBXFrameworksBuildPhase section */

/* Begin PBXGroup section */
		76AD07C21D5BB78700A9A6AB = {
			isa = PBXGroup;
			children = (
				76AD07CD1D5BB78700A9A6AB /* MissingPersons */,
				76AD07CC1D5BB78700A9A6AB /* Products */,
			);
			sourceTree = "<group>";
		};
		76AD07CC1D5BB78700A9A6AB /* Products */ = {
			isa = PBXGroup;
			children = (
				76AD07CB1D5BB78700A9A6AB /* MissingPersons.app */,
			);
			name = Products;
			sourceTree = "<group>";
		};
		76AD07CD1D5BB78700A9A6AB /* MissingPersons */ = {
			isa = PBXGroup;
			children = (
				76AD07CE1D5BB78700A9A6AB /* AppDelegate.swift */,
				76AD07D01D5BB78700A9A6AB /* ViewController.swift */,
				76AD07D21D5BB78700A9A6AB /* Main.storyboard */,
				76AD07D81D5BB78700A9A6AB /* Assets.xcassets */,
				76AD07DA1D5BB78700A9A6AB /* LaunchScreen.storyboard */,
				76AD07DD1D5BB78700A9A6AB /* Info.plist */,
				76AD07D51D5BB78700A9A6AB /* MissingPersons.xcdatamodeld */,
			);
			path = MissingPersons;
			sourceTree = "<group>";
		};
/* End PBXGroup section */

/* Begin PBXNativeTarget section */
		76AD07CA1D5BB78700A9A6AB /* MissingPersons */ = {
			isa = PBXNativeTarget;
			buildConfigurationList = 76AD07E01D5BB78700A9A6AB /* Build configuration list for PBXNativeTarget "MissingPersons" */;
			buildPhases = (
				76AD07C71D5BB78700A9A6AB /* Sources */,
				76AD07C81D5BB78700A9A6AB /* Frameworks */,
				76AD07C91D5BB78700A9A6AB /* Resources */,
			);
			buildRules = (
			);
			dependencies = (
			);
			name = MissingPersons;
			productName = MissingPersons;
			productReference = 76AD07CB1D5BB78700A9A6AB /* MissingPersons.app */;
			productType = "com.apple.product-type.application";
		};
/* End PBXNativeTarget section */

/* Begin PBXProject section */
		76AD07C31D5BB78700A9A6AB /* Project object */ = {
			isa = PBXProject;
			attributes = {
				LastSwiftUpdateCheck = 0730;
				LastUpgradeCheck = 0730;
				ORGANIZATIONNAME = SlasherApp;
				TargetAttributes = {
					76AD07CA1D5BB78700A9A6AB = {
						CreatedOnToolsVersion = 7.3;
						DevelopmentTeam = 9U9KAV5ZK8;
					};
				};
			};
			buildConfigurationList = 76AD07C61D5BB78700A9A6AB /* Build configuration list for PBXProject "MissingPersons" */;
			compatibilityVersion = "Xcode 3.2";
			developmentRegion = English;
			hasScannedForEncodings = 0;
			knownRegions = (
				en,
				Base,
			);
			mainGroup = 76AD07C21D5BB78700A9A6AB;
			productRefGroup = 76AD07CC1D5BB78700A9A6AB /* Products */;
			projectDirPath = "";
			projectRoot = "";
			targets = (
				76AD07CA1D5BB78700A9A6AB /* MissingPersons */,
			);
		};
/* End PBXProject section */

/* Begin PBXResourcesBuildPhase section */
		76AD07C91D5BB78700A9A6AB /* Resources */ = {
			isa = PBXResourcesBuildPhase;
			buildActionMask = 2147483647;
			files = (
				76AD07DC1D5BB78700A9A6AB /* LaunchScreen.storyboard in Resources */,
				76AD07D91D5BB78700A9A6AB /* Assets.xcassets in Resources */,
				76AD07D41D5BB78700A9A6AB /* Main.storyboard in Resources */,
			);
			runOnlyForDeploymentPostprocessing = 0;
		};
/* End PBXResourcesBuildPhase section */

/* Begin PBXSourcesBuildPhase section */
		76AD07C71D5BB78700A9A6AB /* Sources */ = {
			isa = PBXSourcesBuildPhase;
			buildActionMask = 2147483647;
			files = (
				76AD07D11D5BB78700A9A6AB /* ViewController.swift in Sources */,
				76AD07D71D5BB78700A9A6AB /* MissingPersons.xcdatamodeld in Sources */,
				76AD07CF1D5BB78700A9A6AB /* AppDelegate.swift in Sources */,
			);
			runOnlyForDeploymentPostprocessing = 0;
		};
/* End PBXSourcesBuildPhase section */

/* Begin PBXVariantGroup section */
		76AD07D21D5BB78700A9A6AB /* Main.storyboard */ = {
			isa = PBXVariantGroup;
			children = (
				76AD07D31D5BB78700A9A6AB /* Base */,
			);
			name = Main.storyboard;
			sourceTree = "<group>";
		};
		76AD07DA1D5BB78700A9A6AB /* LaunchScreen.storyboard */ = {
			isa = PBXVariantGroup;
			children = (
				76AD07DB1D5BB78700A9A6AB /* Base */,
			);
			name = LaunchScreen.storyboard;
			sourceTree = "<group>";
		};
/* End PBXVariantGroup section */

/* Begin XCBuildConfiguration section */
		76AD07DE1D5BB78700A9A6AB /* Debug */ = {
			isa = XCBuildConfiguration;
			buildSettings = {
				ALWAYS_SEARCH_USER_PATHS = NO;
				CLANG_ANALYZER_NONNULL = YES;
				CLANG_CXX_LANGUAGE_STANDARD = "gnu++0x";
				CLANG_CXX_LIBRARY = "libc++";
				CLANG_ENABLE_MODULES = YES;
				CLANG_ENABLE_OBJC_ARC = YES;
				CLANG_WARN_BOOL_CONVERSION = YES;
				CLANG_WARN_CONSTANT_CONVERSION = YES;
				CLANG_WARN_DIRECT_OBJC_ISA_USAGE = YES_ERROR;
				CLANG_WARN_EMPTY_BODY = YES;
				CLANG_WARN_ENUM_CONVERSION = YES;
				CLANG_WARN_INT_CONVERSION = YES;
				CLANG_WARN_OBJC_ROOT_CLASS = YES_ERROR;
				CLANG_WARN_UNREACHABLE_CODE = YES;
				CLANG_WARN__DUPLICATE_METHOD_MATCH = YES;
				"CODE_SIGN_IDENTITY[sdk=iphoneos*]" = "iPhone Developer";
				COPY_PHASE_STRIP = NO;
				DEBUG_INFORMATION_FORMAT = dwarf;
				ENABLE_STRICT_OBJC_MSGSEND = YES;
				ENABLE_TESTABILITY = YES;
				GCC_C_LANGUAGE_STANDARD = gnu99;
				GCC_DYNAMIC_NO_PIC = NO;
				GCC_NO_COMMON_BLOCKS = YES;
				GCC_OPTIMIZATION_LEVEL = 0;
				GCC_PREPROCESSOR_DEFINITIONS = (
					"DEBUG=1",
					"$(inherited)",
				);
				GCC_WARN_64_TO_32_BIT_CONVERSION = YES;
				GCC_WARN_ABOUT_RETURN_TYPE = YES_ERROR;
				GCC_WARN_UNDECLARED_SELECTOR = YES;
				GCC_WARN_UNINITIALIZED_AUTOS = YES_AGGRESSIVE;
				GCC_WARN_UNUSED_FUNCTION = YES;
				GCC_WARN_UNUSED_VARIABLE = YES;
				IPHONEOS_DEPLOYMENT_TARGET = 9.3;
				MTL_ENABLE_DEBUG_INFO = YES;
				ONLY_ACTIVE_ARCH = YES;
				SDKROOT = iphoneos;
				SWIFT_OPTIMIZATION_LEVEL = "-Onone";
			};
			name = Debug;
		};
		76AD07DF1D5BB78700A9A6AB /* Release */ = {
			isa = XCBuildConfiguration;
			buildSettings = {
				ALWAYS_SEARCH_USER_PATHS = NO;
				CLANG_ANALYZER_NONNULL = YES;
				CLANG_CXX_LANGUAGE_STANDARD = "gnu++0x";
				CLANG_CXX_LIBRARY = "libc++";
				CLANG_ENABLE_MODULES = YES;
				CLANG_ENABLE_OBJC_ARC = YES;
				CLANG_WARN_BOOL_CONVERSION = YES;
				CLANG_WARN_CONSTANT_CONVERSION = YES;
				CLANG_WARN_DIRECT_OBJC_ISA_USAGE = YES_ERROR;
				CLANG_WARN_EMPTY_BODY = YES;
				CLANG_WARN_ENUM_CONVERSION = YES;
				CLANG_WARN_INT_CONVERSION = YES;
				CLANG_WARN_OBJC_ROOT_CLASS = YES_ERROR;
				CLANG_WARN_UNREACHABLE_CODE = YES;
				CLANG_WARN__DUPLICATE_METHOD_MATCH = YES;
				"CODE_SIGN_IDENTITY[sdk=iphoneos*]" = "iPhone Developer";
				COPY_PHASE_STRIP = NO;
				DEBUG_INFORMATION_FORMAT = "dwarf-with-dsym";
				ENABLE_NS_ASSERTIONS = NO;
				ENABLE_STRICT_OBJC_MSGSEND = YES;
				GCC_C_LANGUAGE_STANDARD = gnu99;
				GCC_NO_COMMON_BLOCKS = YES;
				GCC_WARN_64_TO_32_BIT_CONVERSION = YES;
				GCC_WARN_ABOUT_RETURN_TYPE = YES_ERROR;
				GCC_WARN_UNDECLARED_SELECTOR = YES;
				GCC_WARN_UNINITIALIZED_AUTOS = YES_AGGRESSIVE;
				GCC_WARN_UNUSED_FUNCTION = YES;
				GCC_WARN_UNUSED_VARIABLE = YES;
				IPHONEOS_DEPLOYMENT_TARGET = 9.3;
				MTL_ENABLE_DEBUG_INFO = NO;
				SDKROOT = iphoneos;
				VALIDATE_PRODUCT = YES;
			};
			name = Release;
		};
		76AD07E11D5BB78700A9A6AB /* Debug */ = {
			isa = XCBuildConfiguration;
			buildSettings = {
				ASSETCATALOG_COMPILER_APPICON_NAME = AppIcon;
				INFOPLIST_FILE = MissingPersons/Info.plist;
				LD_RUNPATH_SEARCH_PATHS = "$(inherited) @executable_path/Frameworks";
				PRODUCT_BUNDLE_IDENTIFIER = com.slasherapp.MissingPersons;
				PRODUCT_NAME = "$(TARGET_NAME)";
			};
			name = Debug;
		};
		76AD07E21D5BB78700A9A6AB /* Release */ = {
			isa = XCBuildConfiguration;
			buildSettings = {
				ASSETCATALOG_COMPILER_APPICON_NAME = AppIcon;
				INFOPLIST_FILE = MissingPersons/Info.plist;
				LD_RUNPATH_SEARCH_PATHS = "$(inherited) @executable_path/Frameworks";
				PRODUCT_BUNDLE_IDENTIFIER = com.slasherapp.MissingPersons;
				PRODUCT_NAME = "$(TARGET_NAME)";
			};
			name = Release;
		};
/* End XCBuildConfiguration section */

/* Begin XCConfigurationList section */
		76AD07C61D5BB78700A9A6AB /* Build configuration list for PBXProject "MissingPersons" */ = {
			isa = XCConfigurationList;
			buildConfigurations = (
				76AD07DE1D5BB78700A9A6AB /* Debug */,
				76AD07DF1D5BB78700A9A6AB /* Release */,
			);
			defaultConfigurationIsVisible = 0;
			defaultConfigurationName = Release;
		};
		76AD07E01D5BB78700A9A6AB /* Build configuration list for PBXNativeTarget "MissingPersons" */ = {
			isa = XCConfigurationList;
			buildConfigurations = (
				76AD07E11D5BB78700A9A6AB /* Debug */,
				76AD07E21D5BB78700A9A6AB /* Release */,
			);
			defaultConfigurationIsVisible = 0;
		};
/* End XCConfigurationList section */

/* Begin XCVersionGroup section */
		76AD07D51D5BB78700A9A6AB /* MissingPersons.xcdatamodeld */ = {
			isa = XCVersionGroup;
			children = (
				76AD07D61D5BB78700A9A6AB /* MissingPersons.xcdatamodel */,
			);
			currentVersion = 76AD07D61D5BB78700A9A6AB /* MissingPersons.xcdatamodel */;
			path = MissingPersons.xcdatamodeld;
			sourceTree = "<group>";
			versionGroupType = wrapper.xcdatamodel;
		};
/* End XCVersionGroup section */
	};
	rootObject = 76AD07C31D5BB78700A9A6AB /* Project object */;
}
